
Microsoft Visual Studio Solution File, Format Version 12.00
# Visual Studio Version 16
VisualStudioVersion = 16.0.31205.134
MinimumVisualStudioVersion = 10.0.40219.1
Project("{D954291E-2A0B-460D-934E-DC6B0785DB48}") = "POSUNO.Shared", "POSUNO\POSUNO.Shared\POSUNO.Shared.shproj", "{6279C845-92F8-4333-AB99-3D213163593C}"
EndProject
Project("{2150E333-8FDC-42A3-9474-1A3956D46DE8}") = "Platforms", "Platforms", "{CF9259D6-4B53-45F5-A7BA-83FA0D6012FA}"
EndProject
Project("{FAE04EC0-301F-11D3-BF4B-00C04F79EFBC}") = "POSUNO.Droid", "POSUNO\POSUNO.Droid\POSUNO.Droid.csproj", "{E691A886-06E5-4151-A2E0-C8B664C3CD59}"
EndProject
Project("{FAE04EC0-301F-11D3-BF4B-00C04F79EFBC}") = "POSUNO.iOS", "POSUNO\POSUNO.iOS\POSUNO.iOS.csproj", "{BDE163F6-0A42-4B79-8AD2-91C31AB10945}"
EndProject
Project("{FAE04EC0-301F-11D3-BF4B-00C04F79EFBC}") = "POSUNO.UWP", "POSUNO\POSUNO.UWP\POSUNO.UWP.csproj", "{4B2F0EB2-BB52-4363-9482-25108E8EFAEB}"
EndProject
Project("{FAE04EC0-301F-11D3-BF4B-00C04F79EFBC}") = "POSUNO.Wasm", "POSUNO\POSUNO.Wasm\POSUNO.Wasm.csproj", "{8462971F-0963-47DE-91F1-8CFA28E5A02E}"
EndProject
Project("{FAE04EC0-301F-11D3-BF4B-00C04F79EFBC}") = "POSUNO.macOS", "POSUNO\POSUNO.macOS\POSUNO.macOS.csproj", "{8E310E5E-FDEE-4625-BDAE-636FA926CDBF}"
EndProject
Project("{FAE04EC0-301F-11D3-BF4B-00C04F79EFBC}") = "POSUNO.Skia.Wpf.Host", "POSUNO\POSUNO.Skia.Wpf.Host\POSUNO.Skia.Wpf.Host.csproj", "{0FC4DCF7-D5A6-4B69-9F66-56F671E9CAAE}"
EndProject
Project("{FAE04EC0-301F-11D3-BF4B-00C04F79EFBC}") = "POSUNO.Skia.Wpf", "POSUNO\POSUNO.Skia.Wpf\POSUNO.Skia.Wpf.csproj", "{6804214F-B43A-4CA1-96C0-BB174A33D784}"
EndProject
Project("{FAE04EC0-301F-11D3-BF4B-00C04F79EFBC}") = "POSUNO.Skia.Gtk", "POSUNO\POSUNO.Skia.Gtk\POSUNO.Skia.Gtk.csproj", "{0AEABD20-A500-4436-BD20-C9ED6D70CFA2}"
EndProject
Project("{FAE04EC0-301F-11D3-BF4B-00C04F79EFBC}") = "POSUNO.Skia.Tizen", "POSUNO\POSUNO.Skia.Tizen\POSUNO.Skia.Tizen.csproj", "{BA4FFCDC-0147-4F5C-A369-DDB1745468F2}"
EndProject
Project("{FAE04EC0-301F-11D3-BF4B-00C04F79EFBC}") = "POSUNO.Api", "POSUNO.Api\POSUNO.Api.csproj", "{C8DCA1FC-59A1-47A5-942E-950A2C0BCC05}"
EndProject
Global
	GlobalSection(SharedMSBuildProjectFiles) = preSolution
		POSUNO\POSUNO.Shared\POSUNO.Shared.projitems*{0aeabd20-a500-4436-bd20-c9ed6d70cfa2}*SharedItemsImports = 5
		POSUNO\POSUNO.Shared\POSUNO.Shared.projitems*{4b2f0eb2-bb52-4363-9482-25108e8efaeb}*SharedItemsImports = 4
		POSUNO\POSUNO.Shared\POSUNO.Shared.projitems*{6279c845-92f8-4333-ab99-3d213163593c}*SharedItemsImports = 13
		POSUNO\POSUNO.Shared\POSUNO.Shared.projitems*{6804214f-b43a-4ca1-96c0-bb174a33d784}*SharedItemsImports = 5
		POSUNO\POSUNO.Shared\POSUNO.Shared.projitems*{8462971f-0963-47de-91f1-8cfa28e5a02e}*SharedItemsImports = 5
		POSUNO\POSUNO.Shared\POSUNO.Shared.projitems*{8e310e5e-fdee-4625-bdae-636fa926cdbf}*SharedItemsImports = 4
		POSUNO\POSUNO.Shared\POSUNO.Shared.projitems*{ba4ffcdc-0147-4f5c-a369-ddb1745468f2}*SharedItemsImports = 5
		POSUNO\POSUNO.Shared\POSUNO.Shared.projitems*{bde163f6-0a42-4b79-8ad2-91c31ab10945}*SharedItemsImports = 4
		POSUNO\POSUNO.Shared\POSUNO.Shared.projitems*{e691a886-06e5-4151-a2e0-c8b664c3cd59}*SharedItemsImports = 4
	EndGlobalSection
	GlobalSection(SolutionConfigurationPlatforms) = preSolution
		Ad-Hoc|Any CPU = Ad-Hoc|Any CPU
		Ad-Hoc|ARM = Ad-Hoc|ARM
		Ad-Hoc|ARM64 = Ad-Hoc|ARM64
		Ad-Hoc|iPhone = Ad-Hoc|iPhone
		Ad-Hoc|iPhoneSimulator = Ad-Hoc|iPhoneSimulator
		Ad-Hoc|x64 = Ad-Hoc|x64
		Ad-Hoc|x86 = Ad-Hoc|x86
		AppStore|Any CPU = AppStore|Any CPU
		AppStore|ARM = AppStore|ARM
		AppStore|ARM64 = AppStore|ARM64
		AppStore|iPhone = AppStore|iPhone
		AppStore|iPhoneSimulator = AppStore|iPhoneSimulator
		AppStore|x64 = AppStore|x64
		AppStore|x86 = AppStore|x86
		Debug|Any CPU = Debug|Any CPU
		Debug|ARM = Debug|ARM
		Debug|ARM64 = Debug|ARM64
		Debug|iPhone = Debug|iPhone
		Debug|iPhoneSimulator = Debug|iPhoneSimulator
		Debug|x64 = Debug|x64
		Debug|x86 = Debug|x86
		Release|Any CPU = Release|Any CPU
		Release|ARM = Release|ARM
		Release|ARM64 = Release|ARM64
		Release|iPhone = Release|iPhone
		Release|iPhoneSimulator = Release|iPhoneSimulator
		Release|x64 = Release|x64
		Release|x86 = Release|x86
	EndGlobalSection
	GlobalSection(ProjectConfigurationPlatforms) = postSolution
		{E691A886-06E5-4151-A2E0-C8B664C3CD59}.Ad-Hoc|Any CPU.ActiveCfg = Debug|Any CPU
		{E691A886-06E5-4151-A2E0-C8B664C3CD59}.Ad-Hoc|Any CPU.Build.0 = Debug|Any CPU
		{E691A886-06E5-4151-A2E0-C8B664C3CD59}.Ad-Hoc|Any CPU.Deploy.0 = Debug|Any CPU
		{E691A886-06E5-4151-A2E0-C8B664C3CD59}.Ad-Hoc|ARM.ActiveCfg = Debug|Any CPU
		{E691A886-06E5-4151-A2E0-C8B664C3CD59}.Ad-Hoc|ARM.Build.0 = Debug|Any CPU
		{E691A886-06E5-4151-A2E0-C8B664C3CD59}.Ad-Hoc|ARM.Deploy.0 = Debug|Any CPU
		{E691A886-06E5-4151-A2E0-C8B664C3CD59}.Ad-Hoc|ARM64.ActiveCfg = Debug|Any CPU
		{E691A886-06E5-4151-A2E0-C8B664C3CD59}.Ad-Hoc|ARM64.Build.0 = Debug|Any CPU
		{E691A886-06E5-4151-A2E0-C8B664C3CD59}.Ad-Hoc|ARM64.Deploy.0 = Debug|Any CPU
		{E691A886-06E5-4151-A2E0-C8B664C3CD59}.Ad-Hoc|iPhone.ActiveCfg = Debug|Any CPU
		{E691A886-06E5-4151-A2E0-C8B664C3CD59}.Ad-Hoc|iPhone.Build.0 = Debug|Any CPU
		{E691A886-06E5-4151-A2E0-C8B664C3CD59}.Ad-Hoc|iPhone.Deploy.0 = Debug|Any CPU
		{E691A886-06E5-4151-A2E0-C8B664C3CD59}.Ad-Hoc|iPhoneSimulator.ActiveCfg = Debug|Any CPU
		{E691A886-06E5-4151-A2E0-C8B664C3CD59}.Ad-Hoc|iPhoneSimulator.Build.0 = Debug|Any CPU
		{E691A886-06E5-4151-A2E0-C8B664C3CD59}.Ad-Hoc|iPhoneSimulator.Deploy.0 = Debug|Any CPU
		{E691A886-06E5-4151-A2E0-C8B664C3CD59}.Ad-Hoc|x64.ActiveCfg = Debug|Any CPU
		{E691A886-06E5-4151-A2E0-C8B664C3CD59}.Ad-Hoc|x64.Build.0 = Debug|Any CPU
		{E691A886-06E5-4151-A2E0-C8B664C3CD59}.Ad-Hoc|x64.Deploy.0 = Debug|Any CPU
		{E691A886-06E5-4151-A2E0-C8B664C3CD59}.Ad-Hoc|x86.ActiveCfg = Debug|Any CPU
		{E691A886-06E5-4151-A2E0-C8B664C3CD59}.Ad-Hoc|x86.Build.0 = Debug|Any CPU
		{E691A886-06E5-4151-A2E0-C8B664C3CD59}.Ad-Hoc|x86.Deploy.0 = Debug|Any CPU
		{E691A886-06E5-4151-A2E0-C8B664C3CD59}.AppStore|Any CPU.ActiveCfg = Debug|Any CPU
		{E691A886-06E5-4151-A2E0-C8B664C3CD59}.AppStore|Any CPU.Build.0 = Debug|Any CPU
		{E691A886-06E5-4151-A2E0-C8B664C3CD59}.AppStore|Any CPU.Deploy.0 = Debug|Any CPU
		{E691A886-06E5-4151-A2E0-C8B664C3CD59}.AppStore|ARM.ActiveCfg = Debug|Any CPU
		{E691A886-06E5-4151-A2E0-C8B664C3CD59}.AppStore|ARM.Build.0 = Debug|Any CPU
		{E691A886-06E5-4151-A2E0-C8B664C3CD59}.AppStore|ARM.Deploy.0 = Debug|Any CPU
		{E691A886-06E5-4151-A2E0-C8B664C3CD59}.AppStore|ARM64.ActiveCfg = Debug|Any CPU
		{E691A886-06E5-4151-A2E0-C8B664C3CD59}.AppStore|ARM64.Build.0 = Debug|Any CPU
		{E691A886-06E5-4151-A2E0-C8B664C3CD59}.AppStore|ARM64.Deploy.0 = Debug|Any CPU
		{E691A886-06E5-4151-A2E0-C8B664C3CD59}.AppStore|iPhone.ActiveCfg = Debug|Any CPU
		{E691A886-06E5-4151-A2E0-C8B664C3CD59}.AppStore|iPhone.Build.0 = Debug|Any CPU
		{E691A886-06E5-4151-A2E0-C8B664C3CD59}.AppStore|iPhone.Deploy.0 = Debug|Any CPU
		{E691A886-06E5-4151-A2E0-C8B664C3CD59}.AppStore|iPhoneSimulator.ActiveCfg = Debug|Any CPU
		{E691A886-06E5-4151-A2E0-C8B664C3CD59}.AppStore|iPhoneSimulator.Build.0 = Debug|Any CPU
		{E691A886-06E5-4151-A2E0-C8B664C3CD59}.AppStore|iPhoneSimulator.Deploy.0 = Debug|Any CPU
		{E691A886-06E5-4151-A2E0-C8B664C3CD59}.AppStore|x64.ActiveCfg = Debug|Any CPU
		{E691A886-06E5-4151-A2E0-C8B664C3CD59}.AppStore|x64.Build.0 = Debug|Any CPU
		{E691A886-06E5-4151-A2E0-C8B664C3CD59}.AppStore|x64.Deploy.0 = Debug|Any CPU
		{E691A886-06E5-4151-A2E0-C8B664C3CD59}.AppStore|x86.ActiveCfg = Debug|Any CPU
		{E691A886-06E5-4151-A2E0-C8B664C3CD59}.AppStore|x86.Build.0 = Debug|Any CPU
		{E691A886-06E5-4151-A2E0-C8B664C3CD59}.AppStore|x86.Deploy.0 = Debug|Any CPU
		{E691A886-06E5-4151-A2E0-C8B664C3CD59}.Debug|Any CPU.ActiveCfg = Debug|Any CPU
		{E691A886-06E5-4151-A2E0-C8B664C3CD59}.Debug|Any CPU.Build.0 = Debug|Any CPU
		{E691A886-06E5-4151-A2E0-C8B664C3CD59}.Debug|Any CPU.Deploy.0 = Debug|Any CPU
		{E691A886-06E5-4151-A2E0-C8B664C3CD59}.Debug|ARM.ActiveCfg = Debug|Any CPU
		{E691A886-06E5-4151-A2E0-C8B664C3CD59}.Debug|ARM.Build.0 = Debug|Any CPU
		{E691A886-06E5-4151-A2E0-C8B664C3CD59}.Debug|ARM.Deploy.0 = Debug|Any CPU
		{E691A886-06E5-4151-A2E0-C8B664C3CD59}.Debug|ARM64.ActiveCfg = Debug|Any CPU
		{E691A886-06E5-4151-A2E0-C8B664C3CD59}.Debug|ARM64.Build.0 = Debug|Any CPU
		{E691A886-06E5-4151-A2E0-C8B664C3CD59}.Debug|ARM64.Deploy.0 = Debug|Any CPU
		{E691A886-06E5-4151-A2E0-C8B664C3CD59}.Debug|iPhone.ActiveCfg = Debug|Any CPU
		{E691A886-06E5-4151-A2E0-C8B664C3CD59}.Debug|iPhone.Build.0 = Debug|Any CPU
		{E691A886-06E5-4151-A2E0-C8B664C3CD59}.Debug|iPhone.Deploy.0 = Debug|Any CPU
		{E691A886-06E5-4151-A2E0-C8B664C3CD59}.Debug|iPhoneSimulator.ActiveCfg = Debug|Any CPU
		{E691A886-06E5-4151-A2E0-C8B664C3CD59}.Debug|iPhoneSimulator.Build.0 = Debug|Any CPU
		{E691A886-06E5-4151-A2E0-C8B664C3CD59}.Debug|iPhoneSimulator.Deploy.0 = Debug|Any CPU
		{E691A886-06E5-4151-A2E0-C8B664C3CD59}.Debug|x64.ActiveCfg = Debug|Any CPU
		{E691A886-06E5-4151-A2E0-C8B664C3CD59}.Debug|x64.Build.0 = Debug|Any CPU
		{E691A886-06E5-4151-A2E0-C8B664C3CD59}.Debug|x64.Deploy.0 = Debug|Any CPU
		{E691A886-06E5-4151-A2E0-C8B664C3CD59}.Debug|x86.ActiveCfg = Debug|Any CPU
		{E691A886-06E5-4151-A2E0-C8B664C3CD59}.Debug|x86.Build.0 = Debug|Any CPU
		{E691A886-06E5-4151-A2E0-C8B664C3CD59}.Debug|x86.Deploy.0 = Debug|Any CPU
		{E691A886-06E5-4151-A2E0-C8B664C3CD59}.Release|Any CPU.ActiveCfg = Release|Any CPU
		{E691A886-06E5-4151-A2E0-C8B664C3CD59}.Release|Any CPU.Build.0 = Release|Any CPU
		{E691A886-06E5-4151-A2E0-C8B664C3CD59}.Release|Any CPU.Deploy.0 = Release|Any CPU
		{E691A886-06E5-4151-A2E0-C8B664C3CD59}.Release|ARM.ActiveCfg = Release|Any CPU
		{E691A886-06E5-4151-A2E0-C8B664C3CD59}.Release|ARM.Build.0 = Release|Any CPU
		{E691A886-06E5-4151-A2E0-C8B664C3CD59}.Release|ARM.Deploy.0 = Release|Any CPU
		{E691A886-06E5-4151-A2E0-C8B664C3CD59}.Release|ARM64.ActiveCfg = Release|Any CPU
		{E691A886-06E5-4151-A2E0-C8B664C3CD59}.Release|ARM64.Build.0 = Release|Any CPU
		{E691A886-06E5-4151-A2E0-C8B664C3CD59}.Release|ARM64.Deploy.0 = Release|Any CPU
		{E691A886-06E5-4151-A2E0-C8B664C3CD59}.Release|iPhone.ActiveCfg = Release|Any CPU
		{E691A886-06E5-4151-A2E0-C8B664C3CD59}.Release|iPhone.Build.0 = Release|Any CPU
		{E691A886-06E5-4151-A2E0-C8B664C3CD59}.Release|iPhone.Deploy.0 = Release|Any CPU
		{E691A886-06E5-4151-A2E0-C8B664C3CD59}.Release|iPhoneSimulator.ActiveCfg = Release|Any CPU
		{E691A886-06E5-4151-A2E0-C8B664C3CD59}.Release|iPhoneSimulator.Build.0 = Release|Any CPU
		{E691A886-06E5-4151-A2E0-C8B664C3CD59}.Release|iPhoneSimulator.Deploy.0 = Release|Any CPU
		{E691A886-06E5-4151-A2E0-C8B664C3CD59}.Release|x64.ActiveCfg = Release|Any CPU
		{E691A886-06E5-4151-A2E0-C8B664C3CD59}.Release|x64.Build.0 = Release|Any CPU
		{E691A886-06E5-4151-A2E0-C8B664C3CD59}.Release|x64.Deploy.0 = Release|Any CPU
		{E691A886-06E5-4151-A2E0-C8B664C3CD59}.Release|x86.ActiveCfg = Release|Any CPU
		{E691A886-06E5-4151-A2E0-C8B664C3CD59}.Release|x86.Build.0 = Release|Any CPU
		{E691A886-06E5-4151-A2E0-C8B664C3CD59}.Release|x86.Deploy.0 = Release|Any CPU
		{BDE163F6-0A42-4B79-8AD2-91C31AB10945}.Ad-Hoc|Any CPU.ActiveCfg = Ad-Hoc|iPhoneSimulator
		{BDE163F6-0A42-4B79-8AD2-91C31AB10945}.Ad-Hoc|ARM.ActiveCfg = Ad-Hoc|iPhoneSimulator
		{BDE163F6-0A42-4B79-8AD2-91C31AB10945}.Ad-Hoc|ARM64.ActiveCfg = Ad-Hoc|iPhoneSimulator
		{BDE163F6-0A42-4B79-8AD2-91C31AB10945}.Ad-Hoc|iPhone.ActiveCfg = Ad-Hoc|iPhone
		{BDE163F6-0A42-4B79-8AD2-91C31AB10945}.Ad-Hoc|iPhone.Build.0 = Ad-Hoc|iPhone
		{BDE163F6-0A42-4B79-8AD2-91C31AB10945}.Ad-Hoc|iPhoneSimulator.ActiveCfg = Ad-Hoc|iPhoneSimulator
		{BDE163F6-0A42-4B79-8AD2-91C31AB10945}.Ad-Hoc|iPhoneSimulator.Build.0 = Ad-Hoc|iPhoneSimulator
		{BDE163F6-0A42-4B79-8AD2-91C31AB10945}.Ad-Hoc|x64.ActiveCfg = Ad-Hoc|iPhoneSimulator
		{BDE163F6-0A42-4B79-8AD2-91C31AB10945}.Ad-Hoc|x86.ActiveCfg = Ad-Hoc|iPhoneSimulator
		{BDE163F6-0A42-4B79-8AD2-91C31AB10945}.AppStore|Any CPU.ActiveCfg = AppStore|iPhoneSimulator
		{BDE163F6-0A42-4B79-8AD2-91C31AB10945}.AppStore|ARM.ActiveCfg = AppStore|iPhoneSimulator
		{BDE163F6-0A42-4B79-8AD2-91C31AB10945}.AppStore|ARM64.ActiveCfg = AppStore|iPhoneSimulator
		{BDE163F6-0A42-4B79-8AD2-91C31AB10945}.AppStore|iPhone.ActiveCfg = AppStore|iPhone
		{BDE163F6-0A42-4B79-8AD2-91C31AB10945}.AppStore|iPhone.Build.0 = AppStore|iPhone
		{BDE163F6-0A42-4B79-8AD2-91C31AB10945}.AppStore|iPhoneSimulator.ActiveCfg = AppStore|iPhoneSimulator
		{BDE163F6-0A42-4B79-8AD2-91C31AB10945}.AppStore|iPhoneSimulator.Build.0 = AppStore|iPhoneSimulator
		{BDE163F6-0A42-4B79-8AD2-91C31AB10945}.AppStore|x64.ActiveCfg = AppStore|iPhoneSimulator
		{BDE163F6-0A42-4B79-8AD2-91C31AB10945}.AppStore|x86.ActiveCfg = AppStore|iPhoneSimulator
		{BDE163F6-0A42-4B79-8AD2-91C31AB10945}.Debug|Any CPU.ActiveCfg = Debug|iPhoneSimulator
		{BDE163F6-0A42-4B79-8AD2-91C31AB10945}.Debug|ARM.ActiveCfg = Debug|iPhoneSimulator
		{BDE163F6-0A42-4B79-8AD2-91C31AB10945}.Debug|ARM64.ActiveCfg = Debug|iPhoneSimulator
		{BDE163F6-0A42-4B79-8AD2-91C31AB10945}.Debug|iPhone.ActiveCfg = Debug|iPhone
		{BDE163F6-0A42-4B79-8AD2-91C31AB10945}.Debug|iPhone.Build.0 = Debug|iPhone
		{BDE163F6-0A42-4B79-8AD2-91C31AB10945}.Debug|iPhoneSimulator.ActiveCfg = Debug|iPhoneSimulator
		{BDE163F6-0A42-4B79-8AD2-91C31AB10945}.Debug|iPhoneSimulator.Build.0 = Debug|iPhoneSimulator
		{BDE163F6-0A42-4B79-8AD2-91C31AB10945}.Debug|x64.ActiveCfg = Debug|iPhoneSimulator
		{BDE163F6-0A42-4B79-8AD2-91C31AB10945}.Debug|x86.ActiveCfg = Debug|iPhoneSimulator
		{BDE163F6-0A42-4B79-8AD2-91C31AB10945}.Release|Any CPU.ActiveCfg = Release|iPhoneSimulator
		{BDE163F6-0A42-4B79-8AD2-91C31AB10945}.Release|ARM.ActiveCfg = Release|iPhoneSimulator
		{BDE163F6-0A42-4B79-8AD2-91C31AB10945}.Release|ARM64.ActiveCfg = Release|iPhoneSimulator
		{BDE163F6-0A42-4B79-8AD2-91C31AB10945}.Release|iPhone.ActiveCfg = Release|iPhone
		{BDE163F6-0A42-4B79-8AD2-91C31AB10945}.Release|iPhone.Build.0 = Release|iPhone
		{BDE163F6-0A42-4B79-8AD2-91C31AB10945}.Release|iPhoneSimulator.ActiveCfg = Release|iPhoneSimulator
		{BDE163F6-0A42-4B79-8AD2-91C31AB10945}.Release|iPhoneSimulator.Build.0 = Release|iPhoneSimulator
		{BDE163F6-0A42-4B79-8AD2-91C31AB10945}.Release|x64.ActiveCfg = Release|iPhoneSimulator
		{BDE163F6-0A42-4B79-8AD2-91C31AB10945}.Release|x86.ActiveCfg = Release|iPhoneSimulator
		{4B2F0EB2-BB52-4363-9482-25108E8EFAEB}.Ad-Hoc|Any CPU.ActiveCfg = Debug|x86
		{4B2F0EB2-BB52-4363-9482-25108E8EFAEB}.Ad-Hoc|Any CPU.Build.0 = Debug|x86
		{4B2F0EB2-BB52-4363-9482-25108E8EFAEB}.Ad-Hoc|Any CPU.Deploy.0 = Debug|x86
		{4B2F0EB2-BB52-4363-9482-25108E8EFAEB}.Ad-Hoc|ARM.ActiveCfg = Debug|ARM
		{4B2F0EB2-BB52-4363-9482-25108E8EFAEB}.Ad-Hoc|ARM.Build.0 = Debug|ARM
		{4B2F0EB2-BB52-4363-9482-25108E8EFAEB}.Ad-Hoc|ARM.Deploy.0 = Debug|ARM
		{4B2F0EB2-BB52-4363-9482-25108E8EFAEB}.Ad-Hoc|ARM64.ActiveCfg = Debug|ARM64
		{4B2F0EB2-BB52-4363-9482-25108E8EFAEB}.Ad-Hoc|ARM64.Build.0 = Debug|ARM64
		{4B2F0EB2-BB52-4363-9482-25108E8EFAEB}.Ad-Hoc|ARM64.Deploy.0 = Debug|ARM64
		{4B2F0EB2-BB52-4363-9482-25108E8EFAEB}.Ad-Hoc|iPhone.ActiveCfg = Debug|x86
		{4B2F0EB2-BB52-4363-9482-25108E8EFAEB}.Ad-Hoc|iPhone.Build.0 = Debug|x86
		{4B2F0EB2-BB52-4363-9482-25108E8EFAEB}.Ad-Hoc|iPhone.Deploy.0 = Debug|x86
		{4B2F0EB2-BB52-4363-9482-25108E8EFAEB}.Ad-Hoc|iPhoneSimulator.ActiveCfg = Debug|x86
		{4B2F0EB2-BB52-4363-9482-25108E8EFAEB}.Ad-Hoc|iPhoneSimulator.Build.0 = Debug|x86
		{4B2F0EB2-BB52-4363-9482-25108E8EFAEB}.Ad-Hoc|iPhoneSimulator.Deploy.0 = Debug|x86
		{4B2F0EB2-BB52-4363-9482-25108E8EFAEB}.Ad-Hoc|x64.ActiveCfg = Debug|x64
		{4B2F0EB2-BB52-4363-9482-25108E8EFAEB}.Ad-Hoc|x64.Build.0 = Debug|x64
		{4B2F0EB2-BB52-4363-9482-25108E8EFAEB}.Ad-Hoc|x64.Deploy.0 = Debug|x64
		{4B2F0EB2-BB52-4363-9482-25108E8EFAEB}.Ad-Hoc|x86.ActiveCfg = Debug|x86
		{4B2F0EB2-BB52-4363-9482-25108E8EFAEB}.Ad-Hoc|x86.Build.0 = Debug|x86
		{4B2F0EB2-BB52-4363-9482-25108E8EFAEB}.Ad-Hoc|x86.Deploy.0 = Debug|x86
		{4B2F0EB2-BB52-4363-9482-25108E8EFAEB}.AppStore|Any CPU.ActiveCfg = Debug|x86
		{4B2F0EB2-BB52-4363-9482-25108E8EFAEB}.AppStore|Any CPU.Build.0 = Debug|x86
		{4B2F0EB2-BB52-4363-9482-25108E8EFAEB}.AppStore|Any CPU.Deploy.0 = Debug|x86
		{4B2F0EB2-BB52-4363-9482-25108E8EFAEB}.AppStore|ARM.ActiveCfg = Debug|ARM
		{4B2F0EB2-BB52-4363-9482-25108E8EFAEB}.AppStore|ARM.Build.0 = Debug|ARM
		{4B2F0EB2-BB52-4363-9482-25108E8EFAEB}.AppStore|ARM.Deploy.0 = Debug|ARM
		{4B2F0EB2-BB52-4363-9482-25108E8EFAEB}.AppStore|ARM64.ActiveCfg = Debug|ARM64
		{4B2F0EB2-BB52-4363-9482-25108E8EFAEB}.AppStore|ARM64.Build.0 = Debug|ARM64
		{4B2F0EB2-BB52-4363-9482-25108E8EFAEB}.AppStore|ARM64.Deploy.0 = Debug|ARM64
		{4B2F0EB2-BB52-4363-9482-25108E8EFAEB}.AppStore|iPhone.ActiveCfg = Debug|x86
		{4B2F0EB2-BB52-4363-9482-25108E8EFAEB}.AppStore|iPhone.Build.0 = Debug|x86
		{4B2F0EB2-BB52-4363-9482-25108E8EFAEB}.AppStore|iPhone.Deploy.0 = Debug|x86
		{4B2F0EB2-BB52-4363-9482-25108E8EFAEB}.AppStore|iPhoneSimulator.ActiveCfg = Debug|x86
		{4B2F0EB2-BB52-4363-9482-25108E8EFAEB}.AppStore|iPhoneSimulator.Build.0 = Debug|x86
		{4B2F0EB2-BB52-4363-9482-25108E8EFAEB}.AppStore|iPhoneSimulator.Deploy.0 = Debug|x86
		{4B2F0EB2-BB52-4363-9482-25108E8EFAEB}.AppStore|x64.ActiveCfg = Debug|x64
		{4B2F0EB2-BB52-4363-9482-25108E8EFAEB}.AppStore|x64.Build.0 = Debug|x64
		{4B2F0EB2-BB52-4363-9482-25108E8EFAEB}.AppStore|x64.Deploy.0 = Debug|x64
		{4B2F0EB2-BB52-4363-9482-25108E8EFAEB}.AppStore|x86.ActiveCfg = Debug|x86
		{4B2F0EB2-BB52-4363-9482-25108E8EFAEB}.AppStore|x86.Build.0 = Debug|x86
		{4B2F0EB2-BB52-4363-9482-25108E8EFAEB}.AppStore|x86.Deploy.0 = Debug|x86
		{4B2F0EB2-BB52-4363-9482-25108E8EFAEB}.Debug|Any CPU.ActiveCfg = Debug|x86
		{4B2F0EB2-BB52-4363-9482-25108E8EFAEB}.Debug|Any CPU.Build.0 = Debug|x86
		{4B2F0EB2-BB52-4363-9482-25108E8EFAEB}.Debug|Any CPU.Deploy.0 = Debug|x86
		{4B2F0EB2-BB52-4363-9482-25108E8EFAEB}.Debug|ARM.ActiveCfg = Debug|ARM
		{4B2F0EB2-BB52-4363-9482-25108E8EFAEB}.Debug|ARM.Build.0 = Debug|ARM
		{4B2F0EB2-BB52-4363-9482-25108E8EFAEB}.Debug|ARM.Deploy.0 = Debug|ARM
		{4B2F0EB2-BB52-4363-9482-25108E8EFAEB}.Debug|ARM64.ActiveCfg = Debug|ARM64
		{4B2F0EB2-BB52-4363-9482-25108E8EFAEB}.Debug|ARM64.Build.0 = Debug|ARM64
		{4B2F0EB2-BB52-4363-9482-25108E8EFAEB}.Debug|ARM64.Deploy.0 = Debug|ARM64
		{4B2F0EB2-BB52-4363-9482-25108E8EFAEB}.Debug|iPhone.ActiveCfg = Debug|x86
		{4B2F0EB2-BB52-4363-9482-25108E8EFAEB}.Debug|iPhoneSimulator.ActiveCfg = Debug|x86
		{4B2F0EB2-BB52-4363-9482-25108E8EFAEB}.Debug|x64.ActiveCfg = Debug|x64
		{4B2F0EB2-BB52-4363-9482-25108E8EFAEB}.Debug|x64.Build.0 = Debug|x64
		{4B2F0EB2-BB52-4363-9482-25108E8EFAEB}.Debug|x64.Deploy.0 = Debug|x64
		{4B2F0EB2-BB52-4363-9482-25108E8EFAEB}.Debug|x86.ActiveCfg = Debug|x86
		{4B2F0EB2-BB52-4363-9482-25108E8EFAEB}.Debug|x86.Build.0 = Debug|x86
		{4B2F0EB2-BB52-4363-9482-25108E8EFAEB}.Debug|x86.Deploy.0 = Debug|x86
		{4B2F0EB2-BB52-4363-9482-25108E8EFAEB}.Release|Any CPU.ActiveCfg = Release|x86
		{4B2F0EB2-BB52-4363-9482-25108E8EFAEB}.Release|ARM.ActiveCfg = Release|ARM
		{4B2F0EB2-BB52-4363-9482-25108E8EFAEB}.Release|ARM.Build.0 = Release|ARM
		{4B2F0EB2-BB52-4363-9482-25108E8EFAEB}.Release|ARM.Deploy.0 = Release|ARM
		{4B2F0EB2-BB52-4363-9482-25108E8EFAEB}.Release|ARM64.ActiveCfg = Release|ARM64
		{4B2F0EB2-BB52-4363-9482-25108E8EFAEB}.Release|ARM64.Build.0 = Release|ARM64
		{4B2F0EB2-BB52-4363-9482-25108E8EFAEB}.Release|ARM64.Deploy.0 = Release|ARM64
		{4B2F0EB2-BB52-4363-9482-25108E8EFAEB}.Release|iPhone.ActiveCfg = Release|x86
		{4B2F0EB2-BB52-4363-9482-25108E8EFAEB}.Release|iPhoneSimulator.ActiveCfg = Release|x86
		{4B2F0EB2-BB52-4363-9482-25108E8EFAEB}.Release|x64.ActiveCfg = Release|x64
		{4B2F0EB2-BB52-4363-9482-25108E8EFAEB}.Release|x64.Build.0 = Release|x64
		{4B2F0EB2-BB52-4363-9482-25108E8EFAEB}.Release|x64.Deploy.0 = Release|x64
		{4B2F0EB2-BB52-4363-9482-25108E8EFAEB}.Release|x86.ActiveCfg = Release|x86
		{4B2F0EB2-BB52-4363-9482-25108E8EFAEB}.Release|x86.Build.0 = Release|x86
		{4B2F0EB2-BB52-4363-9482-25108E8EFAEB}.Release|x86.Deploy.0 = Release|x86
		{8462971F-0963-47DE-91F1-8CFA28E5A02E}.Ad-Hoc|Any CPU.ActiveCfg = Debug|Any CPU
		{8462971F-0963-47DE-91F1-8CFA28E5A02E}.Ad-Hoc|Any CPU.Build.0 = Debug|Any CPU
		{8462971F-0963-47DE-91F1-8CFA28E5A02E}.Ad-Hoc|ARM.ActiveCfg = Debug|Any CPU
		{8462971F-0963-47DE-91F1-8CFA28E5A02E}.Ad-Hoc|ARM.Build.0 = Debug|Any CPU
		{8462971F-0963-47DE-91F1-8CFA28E5A02E}.Ad-Hoc|ARM64.ActiveCfg = Debug|Any CPU
		{8462971F-0963-47DE-91F1-8CFA28E5A02E}.Ad-Hoc|ARM64.Build.0 = Debug|Any CPU
		{8462971F-0963-47DE-91F1-8CFA28E5A02E}.Ad-Hoc|iPhone.ActiveCfg = Debug|Any CPU
		{8462971F-0963-47DE-91F1-8CFA28E5A02E}.Ad-Hoc|iPhone.Build.0 = Debug|Any CPU
		{8462971F-0963-47DE-91F1-8CFA28E5A02E}.Ad-Hoc|iPhoneSimulator.ActiveCfg = Debug|Any CPU
		{8462971F-0963-47DE-91F1-8CFA28E5A02E}.Ad-Hoc|iPhoneSimulator.Build.0 = Debug|Any CPU
		{8462971F-0963-47DE-91F1-8CFA28E5A02E}.Ad-Hoc|x64.ActiveCfg = Debug|Any CPU
		{8462971F-0963-47DE-91F1-8CFA28E5A02E}.Ad-Hoc|x64.Build.0 = Debug|Any CPU
		{8462971F-0963-47DE-91F1-8CFA28E5A02E}.Ad-Hoc|x86.ActiveCfg = Debug|Any CPU
		{8462971F-0963-47DE-91F1-8CFA28E5A02E}.Ad-Hoc|x86.Build.0 = Debug|Any CPU
		{8462971F-0963-47DE-91F1-8CFA28E5A02E}.AppStore|Any CPU.ActiveCfg = Debug|Any CPU
		{8462971F-0963-47DE-91F1-8CFA28E5A02E}.AppStore|Any CPU.Build.0 = Debug|Any CPU
		{8462971F-0963-47DE-91F1-8CFA28E5A02E}.AppStore|ARM.ActiveCfg = Debug|Any CPU
		{8462971F-0963-47DE-91F1-8CFA28E5A02E}.AppStore|ARM.Build.0 = Debug|Any CPU
		{8462971F-0963-47DE-91F1-8CFA28E5A02E}.AppStore|ARM64.ActiveCfg = Debug|Any CPU
		{8462971F-0963-47DE-91F1-8CFA28E5A02E}.AppStore|ARM64.Build.0 = Debug|Any CPU
		{8462971F-0963-47DE-91F1-8CFA28E5A02E}.AppStore|iPhone.ActiveCfg = Debug|Any CPU
		{8462971F-0963-47DE-91F1-8CFA28E5A02E}.AppStore|iPhone.Build.0 = Debug|Any CPU
		{8462971F-0963-47DE-91F1-8CFA28E5A02E}.AppStore|iPhoneSimulator.ActiveCfg = Debug|Any CPU
		{8462971F-0963-47DE-91F1-8CFA28E5A02E}.AppStore|iPhoneSimulator.Build.0 = Debug|Any CPU
		{8462971F-0963-47DE-91F1-8CFA28E5A02E}.AppStore|x64.ActiveCfg = Debug|Any CPU
		{8462971F-0963-47DE-91F1-8CFA28E5A02E}.AppStore|x64.Build.0 = Debug|Any CPU
		{8462971F-0963-47DE-91F1-8CFA28E5A02E}.AppStore|x86.ActiveCfg = Debug|Any CPU
		{8462971F-0963-47DE-91F1-8CFA28E5A02E}.AppStore|x86.Build.0 = Debug|Any CPU
		{8462971F-0963-47DE-91F1-8CFA28E5A02E}.Debug|Any CPU.ActiveCfg = Debug|Any CPU
		{8462971F-0963-47DE-91F1-8CFA28E5A02E}.Debug|Any CPU.Build.0 = Debug|Any CPU
		{8462971F-0963-47DE-91F1-8CFA28E5A02E}.Debug|ARM.ActiveCfg = Debug|Any CPU
		{8462971F-0963-47DE-91F1-8CFA28E5A02E}.Debug|ARM.Build.0 = Debug|Any CPU
		{8462971F-0963-47DE-91F1-8CFA28E5A02E}.Debug|ARM64.ActiveCfg = Debug|Any CPU
		{8462971F-0963-47DE-91F1-8CFA28E5A02E}.Debug|ARM64.Build.0 = Debug|Any CPU
		{8462971F-0963-47DE-91F1-8CFA28E5A02E}.Debug|iPhone.ActiveCfg = Debug|Any CPU
		{8462971F-0963-47DE-91F1-8CFA28E5A02E}.Debug|iPhone.Build.0 = Debug|Any CPU
		{8462971F-0963-47DE-91F1-8CFA28E5A02E}.Debug|iPhoneSimulator.ActiveCfg = Debug|Any CPU
		{8462971F-0963-47DE-91F1-8CFA28E5A02E}.Debug|iPhoneSimulator.Build.0 = Debug|Any CPU
		{8462971F-0963-47DE-91F1-8CFA28E5A02E}.Debug|x64.ActiveCfg = Debug|Any CPU
		{8462971F-0963-47DE-91F1-8CFA28E5A02E}.Debug|x64.Build.0 = Debug|Any CPU
		{8462971F-0963-47DE-91F1-8CFA28E5A02E}.Debug|x86.ActiveCfg = Debug|Any CPU
		{8462971F-0963-47DE-91F1-8CFA28E5A02E}.Debug|x86.Build.0 = Debug|Any CPU
		{8462971F-0963-47DE-91F1-8CFA28E5A02E}.Release|Any CPU.ActiveCfg = Release|Any CPU
		{8462971F-0963-47DE-91F1-8CFA28E5A02E}.Release|Any CPU.Build.0 = Release|Any CPU
		{8462971F-0963-47DE-91F1-8CFA28E5A02E}.Release|ARM.ActiveCfg = Release|Any CPU
		{8462971F-0963-47DE-91F1-8CFA28E5A02E}.Release|ARM.Build.0 = Release|Any CPU
		{8462971F-0963-47DE-91F1-8CFA28E5A02E}.Release|ARM64.ActiveCfg = Release|Any CPU
		{8462971F-0963-47DE-91F1-8CFA28E5A02E}.Release|ARM64.Build.0 = Release|Any CPU
		{8462971F-0963-47DE-91F1-8CFA28E5A02E}.Release|iPhone.ActiveCfg = Release|Any CPU
		{8462971F-0963-47DE-91F1-8CFA28E5A02E}.Release|iPhone.Build.0 = Release|Any CPU
		{8462971F-0963-47DE-91F1-8CFA28E5A02E}.Release|iPhoneSimulator.ActiveCfg = Release|Any CPU
		{8462971F-0963-47DE-91F1-8CFA28E5A02E}.Release|iPhoneSimulator.Build.0 = Release|Any CPU
		{8462971F-0963-47DE-91F1-8CFA28E5A02E}.Release|x64.ActiveCfg = Release|Any CPU
		{8462971F-0963-47DE-91F1-8CFA28E5A02E}.Release|x64.Build.0 = Release|Any CPU
		{8462971F-0963-47DE-91F1-8CFA28E5A02E}.Release|x86.ActiveCfg = Release|Any CPU
		{8462971F-0963-47DE-91F1-8CFA28E5A02E}.Release|x86.Build.0 = Release|Any CPU
		{8E310E5E-FDEE-4625-BDAE-636FA926CDBF}.Ad-Hoc|Any CPU.ActiveCfg = Debug|iPhoneSimulator
		{8E310E5E-FDEE-4625-BDAE-636FA926CDBF}.Ad-Hoc|Any CPU.Build.0 = Debug|iPhoneSimulator
		{8E310E5E-FDEE-4625-BDAE-636FA926CDBF}.Ad-Hoc|ARM.ActiveCfg = Debug|iPhoneSimulator
		{8E310E5E-FDEE-4625-BDAE-636FA926CDBF}.Ad-Hoc|ARM.Build.0 = Debug|iPhoneSimulator
		{8E310E5E-FDEE-4625-BDAE-636FA926CDBF}.Ad-Hoc|ARM64.ActiveCfg = Debug|iPhoneSimulator
		{8E310E5E-FDEE-4625-BDAE-636FA926CDBF}.Ad-Hoc|ARM64.Build.0 = Debug|iPhoneSimulator
		{8E310E5E-FDEE-4625-BDAE-636FA926CDBF}.Ad-Hoc|iPhone.ActiveCfg = Debug|iPhoneSimulator
		{8E310E5E-FDEE-4625-BDAE-636FA926CDBF}.Ad-Hoc|iPhone.Build.0 = Debug|iPhoneSimulator
		{8E310E5E-FDEE-4625-BDAE-636FA926CDBF}.Ad-Hoc|iPhoneSimulator.ActiveCfg = Debug|iPhoneSimulator
		{8E310E5E-FDEE-4625-BDAE-636FA926CDBF}.Ad-Hoc|iPhoneSimulator.Build.0 = Debug|iPhoneSimulator
		{8E310E5E-FDEE-4625-BDAE-636FA926CDBF}.Ad-Hoc|x64.ActiveCfg = Debug|iPhoneSimulator
		{8E310E5E-FDEE-4625-BDAE-636FA926CDBF}.Ad-Hoc|x64.Build.0 = Debug|iPhoneSimulator
		{8E310E5E-FDEE-4625-BDAE-636FA926CDBF}.Ad-Hoc|x86.ActiveCfg = Debug|iPhoneSimulator
		{8E310E5E-FDEE-4625-BDAE-636FA926CDBF}.Ad-Hoc|x86.Build.0 = Debug|iPhoneSimulator
		{8E310E5E-FDEE-4625-BDAE-636FA926CDBF}.AppStore|Any CPU.ActiveCfg = Debug|iPhoneSimulator
		{8E310E5E-FDEE-4625-BDAE-636FA926CDBF}.AppStore|Any CPU.Build.0 = Debug|iPhoneSimulator
		{8E310E5E-FDEE-4625-BDAE-636FA926CDBF}.AppStore|ARM.ActiveCfg = Debug|iPhoneSimulator
		{8E310E5E-FDEE-4625-BDAE-636FA926CDBF}.AppStore|ARM.Build.0 = Debug|iPhoneSimulator
		{8E310E5E-FDEE-4625-BDAE-636FA926CDBF}.AppStore|ARM64.ActiveCfg = Debug|iPhoneSimulator
		{8E310E5E-FDEE-4625-BDAE-636FA926CDBF}.AppStore|ARM64.Build.0 = Debug|iPhoneSimulator
		{8E310E5E-FDEE-4625-BDAE-636FA926CDBF}.AppStore|iPhone.ActiveCfg = Debug|iPhoneSimulator
		{8E310E5E-FDEE-4625-BDAE-636FA926CDBF}.AppStore|iPhone.Build.0 = Debug|iPhoneSimulator
		{8E310E5E-FDEE-4625-BDAE-636FA926CDBF}.AppStore|iPhoneSimulator.ActiveCfg = Debug|iPhoneSimulator
		{8E310E5E-FDEE-4625-BDAE-636FA926CDBF}.AppStore|iPhoneSimulator.Build.0 = Debug|iPhoneSimulator
		{8E310E5E-FDEE-4625-BDAE-636FA926CDBF}.AppStore|x64.ActiveCfg = Debug|iPhoneSimulator
		{8E310E5E-FDEE-4625-BDAE-636FA926CDBF}.AppStore|x64.Build.0 = Debug|iPhoneSimulator
		{8E310E5E-FDEE-4625-BDAE-636FA926CDBF}.AppStore|x86.ActiveCfg = Debug|iPhoneSimulator
		{8E310E5E-FDEE-4625-BDAE-636FA926CDBF}.AppStore|x86.Build.0 = Debug|iPhoneSimulator
		{8E310E5E-FDEE-4625-BDAE-636FA926CDBF}.Debug|Any CPU.ActiveCfg = Debug|iPhoneSimulator
		{8E310E5E-FDEE-4625-BDAE-636FA926CDBF}.Debug|ARM.ActiveCfg = Debug|iPhoneSimulator
		{8E310E5E-FDEE-4625-BDAE-636FA926CDBF}.Debug|ARM64.ActiveCfg = Debug|iPhoneSimulator
		{8E310E5E-FDEE-4625-BDAE-636FA926CDBF}.Debug|iPhone.ActiveCfg = Debug|iPhoneSimulator
		{8E310E5E-FDEE-4625-BDAE-636FA926CDBF}.Debug|iPhoneSimulator.ActiveCfg = Debug|iPhoneSimulator
		{8E310E5E-FDEE-4625-BDAE-636FA926CDBF}.Debug|iPhoneSimulator.Build.0 = Debug|iPhoneSimulator
		{8E310E5E-FDEE-4625-BDAE-636FA926CDBF}.Debug|x64.ActiveCfg = Debug|iPhoneSimulator
		{8E310E5E-FDEE-4625-BDAE-636FA926CDBF}.Debug|x86.ActiveCfg = Debug|iPhoneSimulator
		{8E310E5E-FDEE-4625-BDAE-636FA926CDBF}.Release|Any CPU.ActiveCfg = Release|iPhoneSimulator
		{8E310E5E-FDEE-4625-BDAE-636FA926CDBF}.Release|ARM.ActiveCfg = Release|iPhoneSimulator
		{8E310E5E-FDEE-4625-BDAE-636FA926CDBF}.Release|ARM64.ActiveCfg = Release|iPhoneSimulator
		{8E310E5E-FDEE-4625-BDAE-636FA926CDBF}.Release|iPhone.ActiveCfg = Release|iPhoneSimulator
		{8E310E5E-FDEE-4625-BDAE-636FA926CDBF}.Release|iPhoneSimulator.ActiveCfg = Release|iPhoneSimulator
		{8E310E5E-FDEE-4625-BDAE-636FA926CDBF}.Release|iPhoneSimulator.Build.0 = Release|iPhoneSimulator
		{8E310E5E-FDEE-4625-BDAE-636FA926CDBF}.Release|x64.ActiveCfg = Release|iPhoneSimulator
		{8E310E5E-FDEE-4625-BDAE-636FA926CDBF}.Release|x86.ActiveCfg = Release|iPhoneSimulator
		{0FC4DCF7-D5A6-4B69-9F66-56F671E9CAAE}.Ad-Hoc|Any CPU.ActiveCfg = Debug|Any CPU
		{0FC4DCF7-D5A6-4B69-9F66-56F671E9CAAE}.Ad-Hoc|Any CPU.Build.0 = Debug|Any CPU
		{0FC4DCF7-D5A6-4B69-9F66-56F671E9CAAE}.Ad-Hoc|ARM.ActiveCfg = Debug|Any CPU
		{0FC4DCF7-D5A6-4B69-9F66-56F671E9CAAE}.Ad-Hoc|ARM.Build.0 = Debug|Any CPU
		{0FC4DCF7-D5A6-4B69-9F66-56F671E9CAAE}.Ad-Hoc|ARM64.ActiveCfg = Debug|Any CPU
		{0FC4DCF7-D5A6-4B69-9F66-56F671E9CAAE}.Ad-Hoc|ARM64.Build.0 = Debug|Any CPU
		{0FC4DCF7-D5A6-4B69-9F66-56F671E9CAAE}.Ad-Hoc|iPhone.ActiveCfg = Debug|Any CPU
		{0FC4DCF7-D5A6-4B69-9F66-56F671E9CAAE}.Ad-Hoc|iPhone.Build.0 = Debug|Any CPU
		{0FC4DCF7-D5A6-4B69-9F66-56F671E9CAAE}.Ad-Hoc|iPhoneSimulator.ActiveCfg = Debug|Any CPU
		{0FC4DCF7-D5A6-4B69-9F66-56F671E9CAAE}.Ad-Hoc|iPhoneSimulator.Build.0 = Debug|Any CPU
		{0FC4DCF7-D5A6-4B69-9F66-56F671E9CAAE}.Ad-Hoc|x64.ActiveCfg = Debug|Any CPU
		{0FC4DCF7-D5A6-4B69-9F66-56F671E9CAAE}.Ad-Hoc|x64.Build.0 = Debug|Any CPU
		{0FC4DCF7-D5A6-4B69-9F66-56F671E9CAAE}.Ad-Hoc|x86.ActiveCfg = Debug|Any CPU
		{0FC4DCF7-D5A6-4B69-9F66-56F671E9CAAE}.Ad-Hoc|x86.Build.0 = Debug|Any CPU
		{0FC4DCF7-D5A6-4B69-9F66-56F671E9CAAE}.AppStore|Any CPU.ActiveCfg = Debug|Any CPU
		{0FC4DCF7-D5A6-4B69-9F66-56F671E9CAAE}.AppStore|Any CPU.Build.0 = Debug|Any CPU
		{0FC4DCF7-D5A6-4B69-9F66-56F671E9CAAE}.AppStore|ARM.ActiveCfg = Debug|Any CPU
		{0FC4DCF7-D5A6-4B69-9F66-56F671E9CAAE}.AppStore|ARM.Build.0 = Debug|Any CPU
		{0FC4DCF7-D5A6-4B69-9F66-56F671E9CAAE}.AppStore|ARM64.ActiveCfg = Debug|Any CPU
		{0FC4DCF7-D5A6-4B69-9F66-56F671E9CAAE}.AppStore|ARM64.Build.0 = Debug|Any CPU
		{0FC4DCF7-D5A6-4B69-9F66-56F671E9CAAE}.AppStore|iPhone.ActiveCfg = Debug|Any CPU
		{0FC4DCF7-D5A6-4B69-9F66-56F671E9CAAE}.AppStore|iPhone.Build.0 = Debug|Any CPU
		{0FC4DCF7-D5A6-4B69-9F66-56F671E9CAAE}.AppStore|iPhoneSimulator.ActiveCfg = Debug|Any CPU
		{0FC4DCF7-D5A6-4B69-9F66-56F671E9CAAE}.AppStore|iPhoneSimulator.Build.0 = Debug|Any CPU
		{0FC4DCF7-D5A6-4B69-9F66-56F671E9CAAE}.AppStore|x64.ActiveCfg = Debug|Any CPU
		{0FC4DCF7-D5A6-4B69-9F66-56F671E9CAAE}.AppStore|x64.Build.0 = Debug|Any CPU
		{0FC4DCF7-D5A6-4B69-9F66-56F671E9CAAE}.AppStore|x86.ActiveCfg = Debug|Any CPU
		{0FC4DCF7-D5A6-4B69-9F66-56F671E9CAAE}.AppStore|x86.Build.0 = Debug|Any CPU
		{0FC4DCF7-D5A6-4B69-9F66-56F671E9CAAE}.Debug|Any CPU.ActiveCfg = Debug|Any CPU
		{0FC4DCF7-D5A6-4B69-9F66-56F671E9CAAE}.Debug|Any CPU.Build.0 = Debug|Any CPU
		{0FC4DCF7-D5A6-4B69-9F66-56F671E9CAAE}.Debug|ARM.ActiveCfg = Debug|Any CPU
		{0FC4DCF7-D5A6-4B69-9F66-56F671E9CAAE}.Debug|ARM.Build.0 = Debug|Any CPU
		{0FC4DCF7-D5A6-4B69-9F66-56F671E9CAAE}.Debug|ARM64.ActiveCfg = Debug|Any CPU
		{0FC4DCF7-D5A6-4B69-9F66-56F671E9CAAE}.Debug|ARM64.Build.0 = Debug|Any CPU
		{0FC4DCF7-D5A6-4B69-9F66-56F671E9CAAE}.Debug|iPhone.ActiveCfg = Debug|Any CPU
		{0FC4DCF7-D5A6-4B69-9F66-56F671E9CAAE}.Debug|iPhone.Build.0 = Debug|Any CPU
		{0FC4DCF7-D5A6-4B69-9F66-56F671E9CAAE}.Debug|iPhoneSimulator.ActiveCfg = Debug|Any CPU
		{0FC4DCF7-D5A6-4B69-9F66-56F671E9CAAE}.Debug|iPhoneSimulator.Build.0 = Debug|Any CPU
		{0FC4DCF7-D5A6-4B69-9F66-56F671E9CAAE}.Debug|x64.ActiveCfg = Debug|Any CPU
		{0FC4DCF7-D5A6-4B69-9F66-56F671E9CAAE}.Debug|x64.Build.0 = Debug|Any CPU
		{0FC4DCF7-D5A6-4B69-9F66-56F671E9CAAE}.Debug|x86.ActiveCfg = Debug|Any CPU
		{0FC4DCF7-D5A6-4B69-9F66-56F671E9CAAE}.Debug|x86.Build.0 = Debug|Any CPU
		{0FC4DCF7-D5A6-4B69-9F66-56F671E9CAAE}.Release|Any CPU.ActiveCfg = Release|Any CPU
		{0FC4DCF7-D5A6-4B69-9F66-56F671E9CAAE}.Release|Any CPU.Build.0 = Release|Any CPU
		{0FC4DCF7-D5A6-4B69-9F66-56F671E9CAAE}.Release|ARM.ActiveCfg = Release|Any CPU
		{0FC4DCF7-D5A6-4B69-9F66-56F671E9CAAE}.Release|ARM.Build.0 = Release|Any CPU
		{0FC4DCF7-D5A6-4B69-9F66-56F671E9CAAE}.Release|ARM64.ActiveCfg = Release|Any CPU
		{0FC4DCF7-D5A6-4B69-9F66-56F671E9CAAE}.Release|ARM64.Build.0 = Release|Any CPU
		{0FC4DCF7-D5A6-4B69-9F66-56F671E9CAAE}.Release|iPhone.ActiveCfg = Release|Any CPU
		{0FC4DCF7-D5A6-4B69-9F66-56F671E9CAAE}.Release|iPhone.Build.0 = Release|Any CPU
		{0FC4DCF7-D5A6-4B69-9F66-56F671E9CAAE}.Release|iPhoneSimulator.ActiveCfg = Release|Any CPU
		{0FC4DCF7-D5A6-4B69-9F66-56F671E9CAAE}.Release|iPhoneSimulator.Build.0 = Release|Any CPU
		{0FC4DCF7-D5A6-4B69-9F66-56F671E9CAAE}.Release|x64.ActiveCfg = Release|Any CPU
		{0FC4DCF7-D5A6-4B69-9F66-56F671E9CAAE}.Release|x64.Build.0 = Release|Any CPU
		{0FC4DCF7-D5A6-4B69-9F66-56F671E9CAAE}.Release|x86.ActiveCfg = Release|Any CPU
		{0FC4DCF7-D5A6-4B69-9F66-56F671E9CAAE}.Release|x86.Build.0 = Release|Any CPU
		{6804214F-B43A-4CA1-96C0-BB174A33D784}.Ad-Hoc|Any CPU.ActiveCfg = Debug|Any CPU
		{6804214F-B43A-4CA1-96C0-BB174A33D784}.Ad-Hoc|Any CPU.Build.0 = Debug|Any CPU
		{6804214F-B43A-4CA1-96C0-BB174A33D784}.Ad-Hoc|ARM.ActiveCfg = Debug|Any CPU
		{6804214F-B43A-4CA1-96C0-BB174A33D784}.Ad-Hoc|ARM.Build.0 = Debug|Any CPU
		{6804214F-B43A-4CA1-96C0-BB174A33D784}.Ad-Hoc|ARM64.ActiveCfg = Debug|Any CPU
		{6804214F-B43A-4CA1-96C0-BB174A33D784}.Ad-Hoc|ARM64.Build.0 = Debug|Any CPU
		{6804214F-B43A-4CA1-96C0-BB174A33D784}.Ad-Hoc|iPhone.ActiveCfg = Debug|Any CPU
		{6804214F-B43A-4CA1-96C0-BB174A33D784}.Ad-Hoc|iPhone.Build.0 = Debug|Any CPU
		{6804214F-B43A-4CA1-96C0-BB174A33D784}.Ad-Hoc|iPhoneSimulator.ActiveCfg = Debug|Any CPU
		{6804214F-B43A-4CA1-96C0-BB174A33D784}.Ad-Hoc|iPhoneSimulator.Build.0 = Debug|Any CPU
		{6804214F-B43A-4CA1-96C0-BB174A33D784}.Ad-Hoc|x64.ActiveCfg = Debug|Any CPU
		{6804214F-B43A-4CA1-96C0-BB174A33D784}.Ad-Hoc|x64.Build.0 = Debug|Any CPU
		{6804214F-B43A-4CA1-96C0-BB174A33D784}.Ad-Hoc|x86.ActiveCfg = Debug|Any CPU
		{6804214F-B43A-4CA1-96C0-BB174A33D784}.Ad-Hoc|x86.Build.0 = Debug|Any CPU
		{6804214F-B43A-4CA1-96C0-BB174A33D784}.AppStore|Any CPU.ActiveCfg = Debug|Any CPU
		{6804214F-B43A-4CA1-96C0-BB174A33D784}.AppStore|Any CPU.Build.0 = Debug|Any CPU
		{6804214F-B43A-4CA1-96C0-BB174A33D784}.AppStore|ARM.ActiveCfg = Debug|Any CPU
		{6804214F-B43A-4CA1-96C0-BB174A33D784}.AppStore|ARM.Build.0 = Debug|Any CPU
		{6804214F-B43A-4CA1-96C0-BB174A33D784}.AppStore|ARM64.ActiveCfg = Debug|Any CPU
		{6804214F-B43A-4CA1-96C0-BB174A33D784}.AppStore|ARM64.Build.0 = Debug|Any CPU
		{6804214F-B43A-4CA1-96C0-BB174A33D784}.AppStore|iPhone.ActiveCfg = Debug|Any CPU
		{6804214F-B43A-4CA1-96C0-BB174A33D784}.AppStore|iPhone.Build.0 = Debug|Any CPU
		{6804214F-B43A-4CA1-96C0-BB174A33D784}.AppStore|iPhoneSimulator.ActiveCfg = Debug|Any CPU
		{6804214F-B43A-4CA1-96C0-BB174A33D784}.AppStore|iPhoneSimulator.Build.0 = Debug|Any CPU
		{6804214F-B43A-4CA1-96C0-BB174A33D784}.AppStore|x64.ActiveCfg = Debug|Any CPU
		{6804214F-B43A-4CA1-96C0-BB174A33D784}.AppStore|x64.Build.0 = Debug|Any CPU
		{6804214F-B43A-4CA1-96C0-BB174A33D784}.AppStore|x86.ActiveCfg = Debug|Any CPU
		{6804214F-B43A-4CA1-96C0-BB174A33D784}.AppStore|x86.Build.0 = Debug|Any CPU
		{6804214F-B43A-4CA1-96C0-BB174A33D784}.Debug|Any CPU.ActiveCfg = Debug|Any CPU
		{6804214F-B43A-4CA1-96C0-BB174A33D784}.Debug|Any CPU.Build.0 = Debug|Any CPU
		{6804214F-B43A-4CA1-96C0-BB174A33D784}.Debug|ARM.ActiveCfg = Debug|Any CPU
		{6804214F-B43A-4CA1-96C0-BB174A33D784}.Debug|ARM.Build.0 = Debug|Any CPU
		{6804214F-B43A-4CA1-96C0-BB174A33D784}.Debug|ARM64.ActiveCfg = Debug|Any CPU
		{6804214F-B43A-4CA1-96C0-BB174A33D784}.Debug|ARM64.Build.0 = Debug|Any CPU
		{6804214F-B43A-4CA1-96C0-BB174A33D784}.Debug|iPhone.ActiveCfg = Debug|Any CPU
		{6804214F-B43A-4CA1-96C0-BB174A33D784}.Debug|iPhone.Build.0 = Debug|Any CPU
		{6804214F-B43A-4CA1-96C0-BB174A33D784}.Debug|iPhoneSimulator.ActiveCfg = Debug|Any CPU
		{6804214F-B43A-4CA1-96C0-BB174A33D784}.Debug|iPhoneSimulator.Build.0 = Debug|Any CPU
		{6804214F-B43A-4CA1-96C0-BB174A33D784}.Debug|x64.ActiveCfg = Debug|Any CPU
		{6804214F-B43A-4CA1-96C0-BB174A33D784}.Debug|x64.Build.0 = Debug|Any CPU
		{6804214F-B43A-4CA1-96C0-BB174A33D784}.Debug|x86.ActiveCfg = Debug|Any CPU
		{6804214F-B43A-4CA1-96C0-BB174A33D784}.Debug|x86.Build.0 = Debug|Any CPU
		{6804214F-B43A-4CA1-96C0-BB174A33D784}.Release|Any CPU.ActiveCfg = Release|Any CPU
		{6804214F-B43A-4CA1-96C0-BB174A33D784}.Release|Any CPU.Build.0 = Release|Any CPU
		{6804214F-B43A-4CA1-96C0-BB174A33D784}.Release|ARM.ActiveCfg = Release|Any CPU
		{6804214F-B43A-4CA1-96C0-BB174A33D784}.Release|ARM.Build.0 = Release|Any CPU
		{6804214F-B43A-4CA1-96C0-BB174A33D784}.Release|ARM64.ActiveCfg = Release|Any CPU
		{6804214F-B43A-4CA1-96C0-BB174A33D784}.Release|ARM64.Build.0 = Release|Any CPU
		{6804214F-B43A-4CA1-96C0-BB174A33D784}.Release|iPhone.ActiveCfg = Release|Any CPU
		{6804214F-B43A-4CA1-96C0-BB174A33D784}.Release|iPhone.Build.0 = Release|Any CPU
		{6804214F-B43A-4CA1-96C0-BB174A33D784}.Release|iPhoneSimulator.ActiveCfg = Release|Any CPU
		{6804214F-B43A-4CA1-96C0-BB174A33D784}.Release|iPhoneSimulator.Build.0 = Release|Any CPU
		{6804214F-B43A-4CA1-96C0-BB174A33D784}.Release|x64.ActiveCfg = Release|Any CPU
		{6804214F-B43A-4CA1-96C0-BB174A33D784}.Release|x64.Build.0 = Release|Any CPU
		{6804214F-B43A-4CA1-96C0-BB174A33D784}.Release|x86.ActiveCfg = Release|Any CPU
		{6804214F-B43A-4CA1-96C0-BB174A33D784}.Release|x86.Build.0 = Release|Any CPU
		{0AEABD20-A500-4436-BD20-C9ED6D70CFA2}.Ad-Hoc|Any CPU.ActiveCfg = Debug|Any CPU
		{0AEABD20-A500-4436-BD20-C9ED6D70CFA2}.Ad-Hoc|Any CPU.Build.0 = Debug|Any CPU
		{0AEABD20-A500-4436-BD20-C9ED6D70CFA2}.Ad-Hoc|ARM.ActiveCfg = Debug|Any CPU
		{0AEABD20-A500-4436-BD20-C9ED6D70CFA2}.Ad-Hoc|ARM.Build.0 = Debug|Any CPU
		{0AEABD20-A500-4436-BD20-C9ED6D70CFA2}.Ad-Hoc|ARM64.ActiveCfg = Debug|Any CPU
		{0AEABD20-A500-4436-BD20-C9ED6D70CFA2}.Ad-Hoc|ARM64.Build.0 = Debug|Any CPU
		{0AEABD20-A500-4436-BD20-C9ED6D70CFA2}.Ad-Hoc|iPhone.ActiveCfg = Debug|Any CPU
		{0AEABD20-A500-4436-BD20-C9ED6D70CFA2}.Ad-Hoc|iPhone.Build.0 = Debug|Any CPU
		{0AEABD20-A500-4436-BD20-C9ED6D70CFA2}.Ad-Hoc|iPhoneSimulator.ActiveCfg = Debug|Any CPU
		{0AEABD20-A500-4436-BD20-C9ED6D70CFA2}.Ad-Hoc|iPhoneSimulator.Build.0 = Debug|Any CPU
		{0AEABD20-A500-4436-BD20-C9ED6D70CFA2}.Ad-Hoc|x64.ActiveCfg = Debug|Any CPU
		{0AEABD20-A500-4436-BD20-C9ED6D70CFA2}.Ad-Hoc|x64.Build.0 = Debug|Any CPU
		{0AEABD20-A500-4436-BD20-C9ED6D70CFA2}.Ad-Hoc|x86.ActiveCfg = Debug|Any CPU
		{0AEABD20-A500-4436-BD20-C9ED6D70CFA2}.Ad-Hoc|x86.Build.0 = Debug|Any CPU
		{0AEABD20-A500-4436-BD20-C9ED6D70CFA2}.AppStore|Any CPU.ActiveCfg = Debug|Any CPU
		{0AEABD20-A500-4436-BD20-C9ED6D70CFA2}.AppStore|Any CPU.Build.0 = Debug|Any CPU
		{0AEABD20-A500-4436-BD20-C9ED6D70CFA2}.AppStore|ARM.ActiveCfg = Debug|Any CPU
		{0AEABD20-A500-4436-BD20-C9ED6D70CFA2}.AppStore|ARM.Build.0 = Debug|Any CPU
		{0AEABD20-A500-4436-BD20-C9ED6D70CFA2}.AppStore|ARM64.ActiveCfg = Debug|Any CPU
		{0AEABD20-A500-4436-BD20-C9ED6D70CFA2}.AppStore|ARM64.Build.0 = Debug|Any CPU
		{0AEABD20-A500-4436-BD20-C9ED6D70CFA2}.AppStore|iPhone.ActiveCfg = Debug|Any CPU
		{0AEABD20-A500-4436-BD20-C9ED6D70CFA2}.AppStore|iPhone.Build.0 = Debug|Any CPU
		{0AEABD20-A500-4436-BD20-C9ED6D70CFA2}.AppStore|iPhoneSimulator.ActiveCfg = Debug|Any CPU
		{0AEABD20-A500-4436-BD20-C9ED6D70CFA2}.AppStore|iPhoneSimulator.Build.0 = Debug|Any CPU
		{0AEABD20-A500-4436-BD20-C9ED6D70CFA2}.AppStore|x64.ActiveCfg = Debug|Any CPU
		{0AEABD20-A500-4436-BD20-C9ED6D70CFA2}.AppStore|x64.Build.0 = Debug|Any CPU
		{0AEABD20-A500-4436-BD20-C9ED6D70CFA2}.AppStore|x86.ActiveCfg = Debug|Any CPU
		{0AEABD20-A500-4436-BD20-C9ED6D70CFA2}.AppStore|x86.Build.0 = Debug|Any CPU
		{0AEABD20-A500-4436-BD20-C9ED6D70CFA2}.Debug|Any CPU.ActiveCfg = Debug|Any CPU
		{0AEABD20-A500-4436-BD20-C9ED6D70CFA2}.Debug|Any CPU.Build.0 = Debug|Any CPU
		{0AEABD20-A500-4436-BD20-C9ED6D70CFA2}.Debug|ARM.ActiveCfg = Debug|Any CPU
		{0AEABD20-A500-4436-BD20-C9ED6D70CFA2}.Debug|ARM.Build.0 = Debug|Any CPU
		{0AEABD20-A500-4436-BD20-C9ED6D70CFA2}.Debug|ARM64.ActiveCfg = Debug|Any CPU
		{0AEABD20-A500-4436-BD20-C9ED6D70CFA2}.Debug|ARM64.Build.0 = Debug|Any CPU
		{0AEABD20-A500-4436-BD20-C9ED6D70CFA2}.Debug|iPhone.ActiveCfg = Debug|Any CPU
		{0AEABD20-A500-4436-BD20-C9ED6D70CFA2}.Debug|iPhone.Build.0 = Debug|Any CPU
		{0AEABD20-A500-4436-BD20-C9ED6D70CFA2}.Debug|iPhoneSimulator.ActiveCfg = Debug|Any CPU
		{0AEABD20-A500-4436-BD20-C9ED6D70CFA2}.Debug|iPhoneSimulator.Build.0 = Debug|Any CPU
		{0AEABD20-A500-4436-BD20-C9ED6D70CFA2}.Debug|x64.ActiveCfg = Debug|Any CPU
		{0AEABD20-A500-4436-BD20-C9ED6D70CFA2}.Debug|x64.Build.0 = Debug|Any CPU
		{0AEABD20-A500-4436-BD20-C9ED6D70CFA2}.Debug|x86.ActiveCfg = Debug|Any CPU
		{0AEABD20-A500-4436-BD20-C9ED6D70CFA2}.Debug|x86.Build.0 = Debug|Any CPU
		{0AEABD20-A500-4436-BD20-C9ED6D70CFA2}.Release|Any CPU.ActiveCfg = Release|Any CPU
		{0AEABD20-A500-4436-BD20-C9ED6D70CFA2}.Release|Any CPU.Build.0 = Release|Any CPU
		{0AEABD20-A500-4436-BD20-C9ED6D70CFA2}.Release|ARM.ActiveCfg = Release|Any CPU
		{0AEABD20-A500-4436-BD20-C9ED6D70CFA2}.Release|ARM.Build.0 = Release|Any CPU
		{0AEABD20-A500-4436-BD20-C9ED6D70CFA2}.Release|ARM64.ActiveCfg = Release|Any CPU
		{0AEABD20-A500-4436-BD20-C9ED6D70CFA2}.Release|ARM64.Build.0 = Release|Any CPU
		{0AEABD20-A500-4436-BD20-C9ED6D70CFA2}.Release|iPhone.ActiveCfg = Release|Any CPU
		{0AEABD20-A500-4436-BD20-C9ED6D70CFA2}.Release|iPhone.Build.0 = Release|Any CPU
		{0AEABD20-A500-4436-BD20-C9ED6D70CFA2}.Release|iPhoneSimulator.ActiveCfg = Release|Any CPU
		{0AEABD20-A500-4436-BD20-C9ED6D70CFA2}.Release|iPhoneSimulator.Build.0 = Release|Any CPU
		{0AEABD20-A500-4436-BD20-C9ED6D70CFA2}.Release|x64.ActiveCfg = Release|Any CPU
		{0AEABD20-A500-4436-BD20-C9ED6D70CFA2}.Release|x64.Build.0 = Release|Any CPU
		{0AEABD20-A500-4436-BD20-C9ED6D70CFA2}.Release|x86.ActiveCfg = Release|Any CPU
		{0AEABD20-A500-4436-BD20-C9ED6D70CFA2}.Release|x86.Build.0 = Release|Any CPU
		{BA4FFCDC-0147-4F5C-A369-DDB1745468F2}.Ad-Hoc|Any CPU.ActiveCfg = Debug|Any CPU
		{BA4FFCDC-0147-4F5C-A369-DDB1745468F2}.Ad-Hoc|Any CPU.Build.0 = Debug|Any CPU
		{BA4FFCDC-0147-4F5C-A369-DDB1745468F2}.Ad-Hoc|ARM.ActiveCfg = Debug|Any CPU
		{BA4FFCDC-0147-4F5C-A369-DDB1745468F2}.Ad-Hoc|ARM.Build.0 = Debug|Any CPU
		{BA4FFCDC-0147-4F5C-A369-DDB1745468F2}.Ad-Hoc|ARM64.ActiveCfg = Debug|Any CPU
		{BA4FFCDC-0147-4F5C-A369-DDB1745468F2}.Ad-Hoc|ARM64.Build.0 = Debug|Any CPU
		{BA4FFCDC-0147-4F5C-A369-DDB1745468F2}.Ad-Hoc|iPhone.ActiveCfg = Debug|Any CPU
		{BA4FFCDC-0147-4F5C-A369-DDB1745468F2}.Ad-Hoc|iPhone.Build.0 = Debug|Any CPU
		{BA4FFCDC-0147-4F5C-A369-DDB1745468F2}.Ad-Hoc|iPhoneSimulator.ActiveCfg = Debug|Any CPU
		{BA4FFCDC-0147-4F5C-A369-DDB1745468F2}.Ad-Hoc|iPhoneSimulator.Build.0 = Debug|Any CPU
		{BA4FFCDC-0147-4F5C-A369-DDB1745468F2}.Ad-Hoc|x64.ActiveCfg = Debug|Any CPU
		{BA4FFCDC-0147-4F5C-A369-DDB1745468F2}.Ad-Hoc|x64.Build.0 = Debug|Any CPU
		{BA4FFCDC-0147-4F5C-A369-DDB1745468F2}.Ad-Hoc|x86.ActiveCfg = Debug|Any CPU
		{BA4FFCDC-0147-4F5C-A369-DDB1745468F2}.Ad-Hoc|x86.Build.0 = Debug|Any CPU
		{BA4FFCDC-0147-4F5C-A369-DDB1745468F2}.AppStore|Any CPU.ActiveCfg = Debug|Any CPU
		{BA4FFCDC-0147-4F5C-A369-DDB1745468F2}.AppStore|Any CPU.Build.0 = Debug|Any CPU
		{BA4FFCDC-0147-4F5C-A369-DDB1745468F2}.AppStore|ARM.ActiveCfg = Debug|Any CPU
		{BA4FFCDC-0147-4F5C-A369-DDB1745468F2}.AppStore|ARM.Build.0 = Debug|Any CPU
		{BA4FFCDC-0147-4F5C-A369-DDB1745468F2}.AppStore|ARM64.ActiveCfg = Debug|Any CPU
		{BA4FFCDC-0147-4F5C-A369-DDB1745468F2}.AppStore|ARM64.Build.0 = Debug|Any CPU
		{BA4FFCDC-0147-4F5C-A369-DDB1745468F2}.AppStore|iPhone.ActiveCfg = Debug|Any CPU
		{BA4FFCDC-0147-4F5C-A369-DDB1745468F2}.AppStore|iPhone.Build.0 = Debug|Any CPU
		{BA4FFCDC-0147-4F5C-A369-DDB1745468F2}.AppStore|iPhoneSimulator.ActiveCfg = Debug|Any CPU
		{BA4FFCDC-0147-4F5C-A369-DDB1745468F2}.AppStore|iPhoneSimulator.Build.0 = Debug|Any CPU
		{BA4FFCDC-0147-4F5C-A369-DDB1745468F2}.AppStore|x64.ActiveCfg = Debug|Any CPU
		{BA4FFCDC-0147-4F5C-A369-DDB1745468F2}.AppStore|x64.Build.0 = Debug|Any CPU
		{BA4FFCDC-0147-4F5C-A369-DDB1745468F2}.AppStore|x86.ActiveCfg = Debug|Any CPU
		{BA4FFCDC-0147-4F5C-A369-DDB1745468F2}.AppStore|x86.Build.0 = Debug|Any CPU
		{BA4FFCDC-0147-4F5C-A369-DDB1745468F2}.Debug|Any CPU.ActiveCfg = Debug|Any CPU
		{BA4FFCDC-0147-4F5C-A369-DDB1745468F2}.Debug|Any CPU.Build.0 = Debug|Any CPU
		{BA4FFCDC-0147-4F5C-A369-DDB1745468F2}.Debug|ARM.ActiveCfg = Debug|Any CPU
		{BA4FFCDC-0147-4F5C-A369-DDB1745468F2}.Debug|ARM.Build.0 = Debug|Any CPU
		{BA4FFCDC-0147-4F5C-A369-DDB1745468F2}.Debug|ARM64.ActiveCfg = Debug|Any CPU
		{BA4FFCDC-0147-4F5C-A369-DDB1745468F2}.Debug|ARM64.Build.0 = Debug|Any CPU
		{BA4FFCDC-0147-4F5C-A369-DDB1745468F2}.Debug|iPhone.ActiveCfg = Debug|Any CPU
		{BA4FFCDC-0147-4F5C-A369-DDB1745468F2}.Debug|iPhone.Build.0 = Debug|Any CPU
		{BA4FFCDC-0147-4F5C-A369-DDB1745468F2}.Debug|iPhoneSimulator.ActiveCfg = Debug|Any CPU
		{BA4FFCDC-0147-4F5C-A369-DDB1745468F2}.Debug|iPhoneSimulator.Build.0 = Debug|Any CPU
		{BA4FFCDC-0147-4F5C-A369-DDB1745468F2}.Debug|x64.ActiveCfg = Debug|Any CPU
		{BA4FFCDC-0147-4F5C-A369-DDB1745468F2}.Debug|x64.Build.0 = Debug|Any CPU
		{BA4FFCDC-0147-4F5C-A369-DDB1745468F2}.Debug|x86.ActiveCfg = Debug|Any CPU
		{BA4FFCDC-0147-4F5C-A369-DDB1745468F2}.Debug|x86.Build.0 = Debug|Any CPU
		{BA4FFCDC-0147-4F5C-A369-DDB1745468F2}.Release|Any CPU.ActiveCfg = Release|Any CPU
		{BA4FFCDC-0147-4F5C-A369-DDB1745468F2}.Release|Any CPU.Build.0 = Release|Any CPU
		{BA4FFCDC-0147-4F5C-A369-DDB1745468F2}.Release|ARM.ActiveCfg = Release|Any CPU
		{BA4FFCDC-0147-4F5C-A369-DDB1745468F2}.Release|ARM.Build.0 = Release|Any CPU
		{BA4FFCDC-0147-4F5C-A369-DDB1745468F2}.Release|ARM64.ActiveCfg = Release|Any CPU
		{BA4FFCDC-0147-4F5C-A369-DDB1745468F2}.Release|ARM64.Build.0 = Release|Any CPU
		{BA4FFCDC-0147-4F5C-A369-DDB1745468F2}.Release|iPhone.ActiveCfg = Release|Any CPU
		{BA4FFCDC-0147-4F5C-A369-DDB1745468F2}.Release|iPhone.Build.0 = Release|Any CPU
		{BA4FFCDC-0147-4F5C-A369-DDB1745468F2}.Release|iPhoneSimulator.ActiveCfg = Release|Any CPU
		{BA4FFCDC-0147-4F5C-A369-DDB1745468F2}.Release|iPhoneSimulator.Build.0 = Release|Any CPU
		{BA4FFCDC-0147-4F5C-A369-DDB1745468F2}.Release|x64.ActiveCfg = Release|Any CPU
		{BA4FFCDC-0147-4F5C-A369-DDB1745468F2}.Release|x64.Build.0 = Release|Any CPU
		{BA4FFCDC-0147-4F5C-A369-DDB1745468F2}.Release|x86.ActiveCfg = Release|Any CPU
		{BA4FFCDC-0147-4F5C-A369-DDB1745468F2}.Release|x86.Build.0 = Release|Any CPU
		{C8DCA1FC-59A1-47A5-942E-950A2C0BCC05}.Ad-Hoc|Any CPU.ActiveCfg = Debug|Any CPU
		{C8DCA1FC-59A1-47A5-942E-950A2C0BCC05}.Ad-Hoc|Any CPU.Build.0 = Debug|Any CPU
		{C8DCA1FC-59A1-47A5-942E-950A2C0BCC05}.Ad-Hoc|ARM.ActiveCfg = Debug|Any CPU
		{C8DCA1FC-59A1-47A5-942E-950A2C0BCC05}.Ad-Hoc|ARM.Build.0 = Debug|Any CPU
		{C8DCA1FC-59A1-47A5-942E-950A2C0BCC05}.Ad-Hoc|ARM64.ActiveCfg = Debug|Any CPU
		{C8DCA1FC-59A1-47A5-942E-950A2C0BCC05}.Ad-Hoc|ARM64.Build.0 = Debug|Any CPU
		{C8DCA1FC-59A1-47A5-942E-950A2C0BCC05}.Ad-Hoc|iPhone.ActiveCfg = Debug|Any CPU
		{C8DCA1FC-59A1-47A5-942E-950A2C0BCC05}.Ad-Hoc|iPhone.Build.0 = Debug|Any CPU
		{C8DCA1FC-59A1-47A5-942E-950A2C0BCC05}.Ad-Hoc|iPhoneSimulator.ActiveCfg = Debug|Any CPU
		{C8DCA1FC-59A1-47A5-942E-950A2C0BCC05}.Ad-Hoc|iPhoneSimulator.Build.0 = Debug|Any CPU
		{C8DCA1FC-59A1-47A5-942E-950A2C0BCC05}.Ad-Hoc|x64.ActiveCfg = Debug|Any CPU
		{C8DCA1FC-59A1-47A5-942E-950A2C0BCC05}.Ad-Hoc|x64.Build.0 = Debug|Any CPU
		{C8DCA1FC-59A1-47A5-942E-950A2C0BCC05}.Ad-Hoc|x86.ActiveCfg = Debug|Any CPU
		{C8DCA1FC-59A1-47A5-942E-950A2C0BCC05}.Ad-Hoc|x86.Build.0 = Debug|Any CPU
		{C8DCA1FC-59A1-47A5-942E-950A2C0BCC05}.AppStore|Any CPU.ActiveCfg = Debug|Any CPU
		{C8DCA1FC-59A1-47A5-942E-950A2C0BCC05}.AppStore|Any CPU.Build.0 = Debug|Any CPU
		{C8DCA1FC-59A1-47A5-942E-950A2C0BCC05}.AppStore|ARM.ActiveCfg = Debug|Any CPU
		{C8DCA1FC-59A1-47A5-942E-950A2C0BCC05}.AppStore|ARM.Build.0 = Debug|Any CPU
		{C8DCA1FC-59A1-47A5-942E-950A2C0BCC05}.AppStore|ARM64.ActiveCfg = Debug|Any CPU
		{C8DCA1FC-59A1-47A5-942E-950A2C0BCC05}.AppStore|ARM64.Build.0 = Debug|Any CPU
		{C8DCA1FC-59A1-47A5-942E-950A2C0BCC05}.AppStore|iPhone.ActiveCfg = Debug|Any CPU
		{C8DCA1FC-59A1-47A5-942E-950A2C0BCC05}.AppStore|iPhone.Build.0 = Debug|Any CPU
		{C8DCA1FC-59A1-47A5-942E-950A2C0BCC05}.AppStore|iPhoneSimulator.ActiveCfg = Debug|Any CPU
		{C8DCA1FC-59A1-47A5-942E-950A2C0BCC05}.AppStore|iPhoneSimulator.Build.0 = Debug|Any CPU
		{C8DCA1FC-59A1-47A5-942E-950A2C0BCC05}.AppStore|x64.ActiveCfg = Debug|Any CPU
		{C8DCA1FC-59A1-47A5-942E-950A2C0BCC05}.AppStore|x64.Build.0 = Debug|Any CPU
		{C8DCA1FC-59A1-47A5-942E-950A2C0BCC05}.AppStore|x86.ActiveCfg = Debug|Any CPU
		{C8DCA1FC-59A1-47A5-942E-950A2C0BCC05}.AppStore|x86.Build.0 = Debug|Any CPU
		{C8DCA1FC-59A1-47A5-942E-950A2C0BCC05}.Debug|Any CPU.ActiveCfg = Debug|Any CPU
		{C8DCA1FC-59A1-47A5-942E-950A2C0BCC05}.Debug|Any CPU.Build.0 = Debug|Any CPU
		{C8DCA1FC-59A1-47A5-942E-950A2C0BCC05}.Debug|ARM.ActiveCfg = Debug|Any CPU
		{C8DCA1FC-59A1-47A5-942E-950A2C0BCC05}.Debug|ARM.Build.0 = Debug|Any CPU
		{C8DCA1FC-59A1-47A5-942E-950A2C0BCC05}.Debug|ARM64.ActiveCfg = Debug|Any CPU
		{C8DCA1FC-59A1-47A5-942E-950A2C0BCC05}.Debug|ARM64.Build.0 = Debug|Any CPU
		{C8DCA1FC-59A1-47A5-942E-950A2C0BCC05}.Debug|iPhone.ActiveCfg = Debug|Any CPU
		{C8DCA1FC-59A1-47A5-942E-950A2C0BCC05}.Debug|iPhone.Build.0 = Debug|Any CPU
		{C8DCA1FC-59A1-47A5-942E-950A2C0BCC05}.Debug|iPhoneSimulator.ActiveCfg = Debug|Any CPU
		{C8DCA1FC-59A1-47A5-942E-950A2C0BCC05}.Debug|iPhoneSimulator.Build.0 = Debug|Any CPU
		{C8DCA1FC-59A1-47A5-942E-950A2C0BCC05}.Debug|x64.ActiveCfg = Debug|Any CPU
		{C8DCA1FC-59A1-47A5-942E-950A2C0BCC05}.Debug|x64.Build.0 = Debug|Any CPU
		{C8DCA1FC-59A1-47A5-942E-950A2C0BCC05}.Debug|x86.ActiveCfg = Debug|Any CPU
		{C8DCA1FC-59A1-47A5-942E-950A2C0BCC05}.Debug|x86.Build.0 = Debug|Any CPU
		{C8DCA1FC-59A1-47A5-942E-950A2C0BCC05}.Release|Any CPU.ActiveCfg = Release|Any CPU
		{C8DCA1FC-59A1-47A5-942E-950A2C0BCC05}.Release|Any CPU.Build.0 = Release|Any CPU
		{C8DCA1FC-59A1-47A5-942E-950A2C0BCC05}.Release|ARM.ActiveCfg = Release|Any CPU
		{C8DCA1FC-59A1-47A5-942E-950A2C0BCC05}.Release|ARM.Build.0 = Release|Any CPU
		{C8DCA1FC-59A1-47A5-942E-950A2C0BCC05}.Release|ARM64.ActiveCfg = Release|Any CPU
		{C8DCA1FC-59A1-47A5-942E-950A2C0BCC05}.Release|ARM64.Build.0 = Release|Any CPU
		{C8DCA1FC-59A1-47A5-942E-950A2C0BCC05}.Release|iPhone.ActiveCfg = Release|Any CPU
		{C8DCA1FC-59A1-47A5-942E-950A2C0BCC05}.Release|iPhone.Build.0 = Release|Any CPU
		{C8DCA1FC-59A1-47A5-942E-950A2C0BCC05}.Release|iPhoneSimulator.ActiveCfg = Release|Any CPU
		{C8DCA1FC-59A1-47A5-942E-950A2C0BCC05}.Release|iPhoneSimulator.Build.0 = Release|Any CPU
		{C8DCA1FC-59A1-47A5-942E-950A2C0BCC05}.Release|x64.ActiveCfg = Release|Any CPU
		{C8DCA1FC-59A1-47A5-942E-950A2C0BCC05}.Release|x64.Build.0 = Release|Any CPU
		{C8DCA1FC-59A1-47A5-942E-950A2C0BCC05}.Release|x86.ActiveCfg = Release|Any CPU
		{C8DCA1FC-59A1-47A5-942E-950A2C0BCC05}.Release|x86.Build.0 = Release|Any CPU
	EndGlobalSection
	GlobalSection(SolutionProperties) = preSolution
		HideSolutionNode = FALSE
	EndGlobalSection
	GlobalSection(NestedProjects) = preSolution
		{E691A886-06E5-4151-A2E0-C8B664C3CD59} = {CF9259D6-4B53-45F5-A7BA-83FA0D6012FA}
		{BDE163F6-0A42-4B79-8AD2-91C31AB10945} = {CF9259D6-4B53-45F5-A7BA-83FA0D6012FA}
		{4B2F0EB2-BB52-4363-9482-25108E8EFAEB} = {CF9259D6-4B53-45F5-A7BA-83FA0D6012FA}
		{8462971F-0963-47DE-91F1-8CFA28E5A02E} = {CF9259D6-4B53-45F5-A7BA-83FA0D6012FA}
		{8E310E5E-FDEE-4625-BDAE-636FA926CDBF} = {CF9259D6-4B53-45F5-A7BA-83FA0D6012FA}
		{0FC4DCF7-D5A6-4B69-9F66-56F671E9CAAE} = {CF9259D6-4B53-45F5-A7BA-83FA0D6012FA}
		{6804214F-B43A-4CA1-96C0-BB174A33D784} = {CF9259D6-4B53-45F5-A7BA-83FA0D6012FA}
		{0AEABD20-A500-4436-BD20-C9ED6D70CFA2} = {CF9259D6-4B53-45F5-A7BA-83FA0D6012FA}
		{BA4FFCDC-0147-4F5C-A369-DDB1745468F2} = {CF9259D6-4B53-45F5-A7BA-83FA0D6012FA}
	EndGlobalSection
	GlobalSection(ExtensibilityGlobals) = postSolution
		SolutionGuid = {5D99EE90-EC57-49CA-B2EE-1CB88221D9D0}
	EndGlobalSection
EndGlobal
